// !$*UTF8*$!
{
	archiveVersion = 1;
	classes = {
	};
	objectVersion = 56;
	objects = {

/* Begin PBXBuildFile section */
		2A2272442B39317700352E60 /* uniffi_exampleApp.swift in Sources */ = {isa = PBXBuildFile; fileRef = 2A2272432B39317700352E60 /* uniffi_exampleApp.swift */; };
		2A2272462B39317700352E60 /* ContentView.swift in Sources */ = {isa = PBXBuildFile; fileRef = 2A2272452B39317700352E60 /* ContentView.swift */; };
		2A2272482B39317800352E60 /* Assets.xcassets in Resources */ = {isa = PBXBuildFile; fileRef = 2A2272472B39317800352E60 /* Assets.xcassets */; };
		2A22724C2B39317800352E60 /* Preview Assets.xcassets in Resources */ = {isa = PBXBuildFile; fileRef = 2A22724B2B39317800352E60 /* Preview Assets.xcassets */; };
		2A2F86CF2B3B0ED700CD0DD0 /* DocumentPicker.swift in Sources */ = {isa = PBXBuildFile; fileRef = 2A2F86CE2B3B0ED700CD0DD0 /* DocumentPicker.swift */; };
		2A2F86D12B3B0EE700CD0DD0 /* AppKit.framework in Frameworks */ = {isa = PBXBuildFile; fileRef = 2A2F86D02B3B0EE700CD0DD0 /* AppKit.framework */; platformFilters = (macos, ); };
		2A2F86D32B3B0EEB00CD0DD0 /* UIKit.framework in Frameworks */ = {isa = PBXBuildFile; fileRef = 2A2F86D22B3B0EEB00CD0DD0 /* UIKit.framework */; platformFilter = ios; };
		2A6E004B2B3C5FEE0027994C /* DbAndFsExampleView.swift in Sources */ = {isa = PBXBuildFile; fileRef = 2A6E004A2B3C5FEE0027994C /* DbAndFsExampleView.swift */; };
		2A6E004D2B3C60960027994C /* FetchExampleView.swift in Sources */ = {isa = PBXBuildFile; fileRef = 2A6E004C2B3C60960027994C /* FetchExampleView.swift */; };
		2A92EC2C2B3A66490044553F /* shared_lib.swift in Sources */ = {isa = PBXBuildFile; fileRef = 2A92EC2B2B3A66490044553F /* shared_lib.swift */; };
		2A92EC2E2B3A66550044553F /* shared_lib_framework.xcframework in Frameworks */ = {isa = PBXBuildFile; fileRef = 2A92EC2D2B3A66550044553F /* shared_lib_framework.xcframework */; };
/* End PBXBuildFile section */

/* Begin PBXFileReference section */
		2A2272402B39317700352E60 /* uniffi-example.app */ = {isa = PBXFileReference; explicitFileType = wrapper.application; includeInIndex = 0; path = "uniffi-example.app"; sourceTree = BUILT_PRODUCTS_DIR; };
		2A2272432B39317700352E60 /* uniffi_exampleApp.swift */ = {isa = PBXFileReference; lastKnownFileType = sourcecode.swift; path = uniffi_exampleApp.swift; sourceTree = "<group>"; };
		2A2272452B39317700352E60 /* ContentView.swift */ = {isa = PBXFileReference; lastKnownFileType = sourcecode.swift; path = ContentView.swift; sourceTree = "<group>"; };
		2A2272472B39317800352E60 /* Assets.xcassets */ = {isa = PBXFileReference; lastKnownFileType = folder.assetcatalog; path = Assets.xcassets; sourceTree = "<group>"; };
		2A2272492B39317800352E60 /* uniffi_example.entitlements */ = {isa = PBXFileReference; lastKnownFileType = text.plist.entitlements; path = uniffi_example.entitlements; sourceTree = "<group>"; };
		2A22724B2B39317800352E60 /* Preview Assets.xcassets */ = {isa = PBXFileReference; lastKnownFileType = folder.assetcatalog; path = "Preview Assets.xcassets"; sourceTree = "<group>"; };
		2A2272682B3964D800352E60 /* libsqlite3.tbd */ = {isa = PBXFileReference; lastKnownFileType = "sourcecode.text-based-dylib-definition"; name = libsqlite3.tbd; path = Platforms/iPhoneOS.platform/Developer/SDKs/iPhoneOS17.0.sdk/usr/lib/libsqlite3.tbd; sourceTree = DEVELOPER_DIR; };
		2A2F86CE2B3B0ED700CD0DD0 /* DocumentPicker.swift */ = {isa = PBXFileReference; fileEncoding = 4; lastKnownFileType = sourcecode.swift; path = DocumentPicker.swift; sourceTree = "<group>"; };
		2A2F86D02B3B0EE700CD0DD0 /* AppKit.framework */ = {isa = PBXFileReference; lastKnownFileType = wrapper.framework; name = AppKit.framework; path = System/Library/Frameworks/AppKit.framework; sourceTree = SDKROOT; };
		2A2F86D22B3B0EEB00CD0DD0 /* UIKit.framework */ = {isa = PBXFileReference; lastKnownFileType = wrapper.framework; name = UIKit.framework; path = Platforms/iPhoneOS.platform/Developer/SDKs/iPhoneOS17.0.sdk/System/Library/Frameworks/UIKit.framework; sourceTree = DEVELOPER_DIR; };
		2A6E004A2B3C5FEE0027994C /* DbAndFsExampleView.swift */ = {isa = PBXFileReference; lastKnownFileType = sourcecode.swift; path = DbAndFsExampleView.swift; sourceTree = "<group>"; };
		2A6E004C2B3C60960027994C /* FetchExampleView.swift */ = {isa = PBXFileReference; lastKnownFileType = sourcecode.swift; path = FetchExampleView.swift; sourceTree = "<group>"; };
		2A92EC2B2B3A66490044553F /* shared_lib.swift */ = {isa = PBXFileReference; fileEncoding = 4; lastKnownFileType = sourcecode.swift; path = shared_lib.swift; sourceTree = "<group>"; };
		2A92EC2D2B3A66550044553F /* shared_lib_framework.xcframework */ = {isa = PBXFileReference; lastKnownFileType = wrapper.xcframework; path = shared_lib_framework.xcframework; sourceTree = "<group>"; };
/* End PBXFileReference section */

/* Begin PBXFrameworksBuildPhase section */
		2A22723D2B39317700352E60 /* Frameworks */ = {
			isa = PBXFrameworksBuildPhase;
			buildActionMask = 2147483647;
			files = (
				2A92EC2E2B3A66550044553F /* shared_lib_framework.xcframework in Frameworks */,
				2A2F86D32B3B0EEB00CD0DD0 /* UIKit.framework in Frameworks */,
				2A2F86D12B3B0EE700CD0DD0 /* AppKit.framework in Frameworks */,
			);
			runOnlyForDeploymentPostprocessing = 0;
		};
/* End PBXFrameworksBuildPhase section */

/* Begin PBXGroup section */
		2A2272372B39317700352E60 = {
			isa = PBXGroup;
			children = (
				2A2272422B39317700352E60 /* uniffi-example */,
				2A2272412B39317700352E60 /* Products */,
				2A2272522B39319F00352E60 /* Frameworks */,
			);
			sourceTree = "<group>";
		};
		2A2272412B39317700352E60 /* Products */ = {
			isa = PBXGroup;
			children = (
				2A2272402B39317700352E60 /* uniffi-example.app */,
			);
			name = Products;
			sourceTree = "<group>";
		};
		2A2272422B39317700352E60 /* uniffi-example */ = {
			isa = PBXGroup;
			children = (
				2A6E00432B3C22D70027994C /* core */,
				2A6E00422B3C22BF0027994C /* views */,
				2A6E00412B3C22B30027994C /* components */,
				2A2272432B39317700352E60 /* uniffi_exampleApp.swift */,
				2A2272472B39317800352E60 /* Assets.xcassets */,
				2A2272492B39317800352E60 /* uniffi_example.entitlements */,
				2A22724A2B39317800352E60 /* Preview Content */,
			);
			path = "uniffi-example";
			sourceTree = "<group>";
		};
		2A22724A2B39317800352E60 /* Preview Content */ = {
			isa = PBXGroup;
			children = (
				2A22724B2B39317800352E60 /* Preview Assets.xcassets */,
			);
			path = "Preview Content";
			sourceTree = "<group>";
		};
		2A2272522B39319F00352E60 /* Frameworks */ = {
			isa = PBXGroup;
			children = (
				2A2F86D22B3B0EEB00CD0DD0 /* UIKit.framework */,
				2A2F86D02B3B0EE700CD0DD0 /* AppKit.framework */,
				2A2272682B3964D800352E60 /* libsqlite3.tbd */,
				2A92EC2D2B3A66550044553F /* shared_lib_framework.xcframework */,
			);
			name = Frameworks;
			sourceTree = "<group>";
		};
		2A6E00412B3C22B30027994C /* components */ = {
			isa = PBXGroup;
			children = (
				2A2F86CE2B3B0ED700CD0DD0 /* DocumentPicker.swift */,
			);
			path = components;
			sourceTree = "<group>";
		};
		2A6E00422B3C22BF0027994C /* views */ = {
			isa = PBXGroup;
			children = (
				2A2272452B39317700352E60 /* ContentView.swift */,
				2A6E004A2B3C5FEE0027994C /* DbAndFsExampleView.swift */,
				2A6E004C2B3C60960027994C /* FetchExampleView.swift */,
			);
			path = views;
			sourceTree = "<group>";
		};
		2A6E00432B3C22D70027994C /* core */ = {
			isa = PBXGroup;
			children = (
				2A92EC2B2B3A66490044553F /* shared_lib.swift */,
			);
			path = core;
			sourceTree = "<group>";
		};
/* End PBXGroup section */

/* Begin PBXNativeTarget section */
		2A22723F2B39317700352E60 /* uniffi-example */ = {
			isa = PBXNativeTarget;
			buildConfigurationList = 2A22724F2B39317800352E60 /* Build configuration list for PBXNativeTarget "uniffi-example" */;
			buildPhases = (
				2A22723C2B39317700352E60 /* Sources */,
				2A22723D2B39317700352E60 /* Frameworks */,
				2A22723E2B39317700352E60 /* Resources */,
			);
			buildRules = (
			);
			dependencies = (
			);
			name = "uniffi-example";
			productName = "uniffi-example";
			productReference = 2A2272402B39317700352E60 /* uniffi-example.app */;
			productType = "com.apple.product-type.application";
		};
/* End PBXNativeTarget section */

/* Begin PBXProject section */
		2A2272382B39317700352E60 /* Project object */ = {
			isa = PBXProject;
			attributes = {
				BuildIndependentTargetsInParallel = 1;
				LastSwiftUpdateCheck = 1500;
				LastUpgradeCheck = 1500;
				TargetAttributes = {
					2A22723F2B39317700352E60 = {
						CreatedOnToolsVersion = 15.0;
					};
				};
			};
			buildConfigurationList = 2A22723B2B39317700352E60 /* Build configuration list for PBXProject "uniffi-example" */;
			compatibilityVersion = "Xcode 14.0";
			developmentRegion = en;
			hasScannedForEncodings = 0;
			knownRegions = (
				en,
				Base,
			);
			mainGroup = 2A2272372B39317700352E60;
			productRefGroup = 2A2272412B39317700352E60 /* Products */;
			projectDirPath = "";
			projectRoot = "";
			targets = (
				2A22723F2B39317700352E60 /* uniffi-example */,
			);
		};
/* End PBXProject section */

/* Begin PBXResourcesBuildPhase section */
		2A22723E2B39317700352E60 /* Resources */ = {
			isa = PBXResourcesBuildPhase;
			buildActionMask = 2147483647;
			files = (
				2A22724C2B39317800352E60 /* Preview Assets.xcassets in Resources */,
				2A2272482B39317800352E60 /* Assets.xcassets in Resources */,
			);
			runOnlyForDeploymentPostprocessing = 0;
		};
/* End PBXResourcesBuildPhase section */

/* Begin PBXSourcesBuildPhase section */
		2A22723C2B39317700352E60 /* Sources */ = {
			isa = PBXSourcesBuildPhase;
			buildActionMask = 2147483647;
			files = (
				2A2F86CF2B3B0ED700CD0DD0 /* DocumentPicker.swift in Sources */,
				2A6E004B2B3C5FEE0027994C /* DbAndFsExampleView.swift in Sources */,
				2A2272462B39317700352E60 /* ContentView.swift in Sources */,
				2A92EC2C2B3A66490044553F /* shared_lib.swift in Sources */,
				2A6E004D2B3C60960027994C /* FetchExampleView.swift in Sources */,
				2A2272442B39317700352E60 /* uniffi_exampleApp.swift in Sources */,
			);
			runOnlyForDeploymentPostprocessing = 0;
		};
/* End PBXSourcesBuildPhase section */

/* Begin XCBuildConfiguration section */
		2A22724D2B39317800352E60 /* Debug */ = {
			isa = XCBuildConfiguration;
			buildSettings = {
				ALWAYS_SEARCH_USER_PATHS = NO;
				ASSETCATALOG_COMPILER_GENERATE_SWIFT_ASSET_SYMBOL_EXTENSIONS = YES;
				CLANG_ANALYZER_NONNULL = YES;
				CLANG_ANALYZER_NUMBER_OBJECT_CONVERSION = YES_AGGRESSIVE;
				CLANG_CXX_LANGUAGE_STANDARD = "gnu++20";
				CLANG_ENABLE_MODULES = YES;
				CLANG_ENABLE_OBJC_ARC = YES;
				CLANG_ENABLE_OBJC_WEAK = YES;
				CLANG_WARN_BLOCK_CAPTURE_AUTORELEASING = YES;
				CLANG_WARN_BOOL_CONVERSION = YES;
				CLANG_WARN_COMMA = YES;
				CLANG_WARN_CONSTANT_CONVERSION = YES;
				CLANG_WARN_DEPRECATED_OBJC_IMPLEMENTATIONS = YES;
				CLANG_WARN_DIRECT_OBJC_ISA_USAGE = YES_ERROR;
				CLANG_WARN_DOCUMENTATION_COMMENTS = YES;
				CLANG_WARN_EMPTY_BODY = YES;
				CLANG_WARN_ENUM_CONVERSION = YES;
				CLANG_WARN_INFINITE_RECURSION = YES;
				CLANG_WARN_INT_CONVERSION = YES;
				CLANG_WARN_NON_LITERAL_NULL_CONVERSION = YES;
				CLANG_WARN_OBJC_IMPLICIT_RETAIN_SELF = YES;
				CLANG_WARN_OBJC_LITERAL_CONVERSION = YES;
				CLANG_WARN_OBJC_ROOT_CLASS = YES_ERROR;
				CLANG_WARN_QUOTED_INCLUDE_IN_FRAMEWORK_HEADER = YES;
				CLANG_WARN_RANGE_LOOP_ANALYSIS = YES;
				CLANG_WARN_STRICT_PROTOTYPES = YES;
				CLANG_WARN_SUSPICIOUS_MOVE = YES;
				CLANG_WARN_UNGUARDED_AVAILABILITY = YES_AGGRESSIVE;
				CLANG_WARN_UNREACHABLE_CODE = YES;
				CLANG_WARN__DUPLICATE_METHOD_MATCH = YES;
				COPY_PHASE_STRIP = NO;
				DEBUG_INFORMATION_FORMAT = dwarf;
				ENABLE_STRICT_OBJC_MSGSEND = YES;
				ENABLE_TESTABILITY = YES;
				ENABLE_USER_SCRIPT_SANDBOXING = YES;
				GCC_C_LANGUAGE_STANDARD = gnu17;
				GCC_DYNAMIC_NO_PIC = NO;
				GCC_NO_COMMON_BLOCKS = YES;
				GCC_OPTIMIZATION_LEVEL = 0;
				GCC_PREPROCESSOR_DEFINITIONS = (
					"DEBUG=1",
					"$(inherited)",
				);
				GCC_WARN_64_TO_32_BIT_CONVERSION = YES;
				GCC_WARN_ABOUT_RETURN_TYPE = YES_ERROR;
				GCC_WARN_UNDECLARED_SELECTOR = YES;
				GCC_WARN_UNINITIALIZED_AUTOS = YES_AGGRESSIVE;
				GCC_WARN_UNUSED_FUNCTION = YES;
				GCC_WARN_UNUSED_VARIABLE = YES;
				"LIBRARY_SEARCH_PATHS[sdk=iphonesimulator*][arch=arm64]" = "";
				LOCALIZATION_PREFERS_STRING_CATALOGS = YES;
				MTL_ENABLE_DEBUG_INFO = INCLUDE_SOURCE;
				MTL_FAST_MATH = YES;
				ONLY_ACTIVE_ARCH = YES;
				SWIFT_ACTIVE_COMPILATION_CONDITIONS = "DEBUG $(inherited)";
				SWIFT_OPTIMIZATION_LEVEL = "-Onone";
			};
			name = Debug;
		};
		2A22724E2B39317800352E60 /* Release */ = {
			isa = XCBuildConfiguration;
			buildSettings = {
				ALWAYS_SEARCH_USER_PATHS = NO;
				ASSETCATALOG_COMPILER_GENERATE_SWIFT_ASSET_SYMBOL_EXTENSIONS = YES;
				CLANG_ANALYZER_NONNULL = YES;
				CLANG_ANALYZER_NUMBER_OBJECT_CONVERSION = YES_AGGRESSIVE;
				CLANG_CXX_LANGUAGE_STANDARD = "gnu++20";
				CLANG_ENABLE_MODULES = YES;
				CLANG_ENABLE_OBJC_ARC = YES;
				CLANG_ENABLE_OBJC_WEAK = YES;
				CLANG_WARN_BLOCK_CAPTURE_AUTORELEASING = YES;
				CLANG_WARN_BOOL_CONVERSION = YES;
				CLANG_WARN_COMMA = YES;
				CLANG_WARN_CONSTANT_CONVERSION = YES;
				CLANG_WARN_DEPRECATED_OBJC_IMPLEMENTATIONS = YES;
				CLANG_WARN_DIRECT_OBJC_ISA_USAGE = YES_ERROR;
				CLANG_WARN_DOCUMENTATION_COMMENTS = YES;
				CLANG_WARN_EMPTY_BODY = YES;
				CLANG_WARN_ENUM_CONVERSION = YES;
				CLANG_WARN_INFINITE_RECURSION = YES;
				CLANG_WARN_INT_CONVERSION = YES;
				CLANG_WARN_NON_LITERAL_NULL_CONVERSION = YES;
				CLANG_WARN_OBJC_IMPLICIT_RETAIN_SELF = YES;
				CLANG_WARN_OBJC_LITERAL_CONVERSION = YES;
				CLANG_WARN_OBJC_ROOT_CLASS = YES_ERROR;
				CLANG_WARN_QUOTED_INCLUDE_IN_FRAMEWORK_HEADER = YES;
				CLANG_WARN_RANGE_LOOP_ANALYSIS = YES;
				CLANG_WARN_STRICT_PROTOTYPES = YES;
				CLANG_WARN_SUSPICIOUS_MOVE = YES;
				CLANG_WARN_UNGUARDED_AVAILABILITY = YES_AGGRESSIVE;
				CLANG_WARN_UNREACHABLE_CODE = YES;
				CLANG_WARN__DUPLICATE_METHOD_MATCH = YES;
				COPY_PHASE_STRIP = NO;
				DEBUG_INFORMATION_FORMAT = "dwarf-with-dsym";
				ENABLE_NS_ASSERTIONS = NO;
				ENABLE_STRICT_OBJC_MSGSEND = YES;
				ENABLE_USER_SCRIPT_SANDBOXING = YES;
				GCC_C_LANGUAGE_STANDARD = gnu17;
				GCC_NO_COMMON_BLOCKS = YES;
				GCC_WARN_64_TO_32_BIT_CONVERSION = YES;
				GCC_WARN_ABOUT_RETURN_TYPE = YES_ERROR;
				GCC_WARN_UNDECLARED_SELECTOR = YES;
				GCC_WARN_UNINITIALIZED_AUTOS = YES_AGGRESSIVE;
				GCC_WARN_UNUSED_FUNCTION = YES;
				GCC_WARN_UNUSED_VARIABLE = YES;
				LOCALIZATION_PREFERS_STRING_CATALOGS = YES;
				MTL_ENABLE_DEBUG_INFO = NO;
				MTL_FAST_MATH = YES;
				SWIFT_COMPILATION_MODE = wholemodule;
			};
			name = Release;
		};
		2A2272502B39317800352E60 /* Debug */ = {
			isa = XCBuildConfiguration;
			buildSettings = {
				ASSETCATALOG_COMPILER_APPICON_NAME = AppIcon;
				ASSETCATALOG_COMPILER_GLOBAL_ACCENT_COLOR_NAME = AccentColor;
				CODE_SIGN_ENTITLEMENTS = "uniffi-example/uniffi_example.entitlements";
				CODE_SIGN_STYLE = Automatic;
				CURRENT_PROJECT_VERSION = 1;
				DEVELOPMENT_ASSET_PATHS = "\"uniffi-example/Preview Content\"";
				DEVELOPMENT_TEAM = G7CXNQAM6X;
				ENABLE_HARDENED_RUNTIME = YES;
				ENABLE_PREVIEWS = YES;
				GENERATE_INFOPLIST_FILE = YES;
				HEADER_SEARCH_PATHS = "\"$(SRCROOT)/../../sharedlib/bindings\"";
				"INFOPLIST_KEY_UIApplicationSceneManifest_Generation[sdk=iphoneos*]" = YES;
				"INFOPLIST_KEY_UIApplicationSceneManifest_Generation[sdk=iphonesimulator*]" = YES;
				"INFOPLIST_KEY_UIApplicationSupportsIndirectInputEvents[sdk=iphoneos*]" = YES;
				"INFOPLIST_KEY_UIApplicationSupportsIndirectInputEvents[sdk=iphonesimulator*]" = YES;
				"INFOPLIST_KEY_UILaunchScreen_Generation[sdk=iphoneos*]" = YES;
				"INFOPLIST_KEY_UILaunchScreen_Generation[sdk=iphonesimulator*]" = YES;
				"INFOPLIST_KEY_UIStatusBarStyle[sdk=iphoneos*]" = UIStatusBarStyleDefault;
				"INFOPLIST_KEY_UIStatusBarStyle[sdk=iphonesimulator*]" = UIStatusBarStyleDefault;
				INFOPLIST_KEY_UISupportedInterfaceOrientations_iPad = "UIInterfaceOrientationPortrait UIInterfaceOrientationPortraitUpsideDown UIInterfaceOrientationLandscapeLeft UIInterfaceOrientationLandscapeRight";
				INFOPLIST_KEY_UISupportedInterfaceOrientations_iPhone = "UIInterfaceOrientationPortrait UIInterfaceOrientationLandscapeLeft UIInterfaceOrientationLandscapeRight";
				IPHONEOS_DEPLOYMENT_TARGET = 17.0;
				LD_RUNPATH_SEARCH_PATHS = "@executable_path/Frameworks";
				"LD_RUNPATH_SEARCH_PATHS[sdk=macosx*]" = "@executable_path/../Frameworks";
				"LIBRARY_SEARCH_PATHS[sdk=iphoneos*][arch=arm64]" = "/Users/jz/Inbox/uniffi-example/sharedlib/target/aarch64-apple-ios/release";
				"LIBRARY_SEARCH_PATHS[sdk=iphonesimulator*][arch=arm64]" = "/Users/jz/Inbox/uniffi-example/sharedlib/target/aarch64-apple-ios-sim/release";
				"LIBRARY_SEARCH_PATHS[sdk=macosx*][arch=arm64]" = "/Users/jz/Inbox/uniffi-example/sharedlib/target/aarch64-apple-darwin/release";
				MACOSX_DEPLOYMENT_TARGET = 14.0;
				MARKETING_VERSION = 1.0;
				PRODUCT_BUNDLE_IDENTIFIER = "ezirmusitua.uniffi-example";
				PRODUCT_NAME = "$(TARGET_NAME)";
				SDKROOT = auto;
				SUPPORTED_PLATFORMS = "iphoneos iphonesimulator macosx";
				SWIFT_EMIT_LOC_STRINGS = YES;
				SWIFT_OBJC_BRIDGING_HEADER = "";
				SWIFT_VERSION = 5.0;
				TARGETED_DEVICE_FAMILY = "1,2";
			};
			name = Debug;
		};
		2A2272512B39317800352E60 /* Release */ = {
			isa = XCBuildConfiguration;
			buildSettings = {
				ASSETCATALOG_COMPILER_APPICON_NAME = AppIcon;
				ASSETCATALOG_COMPILER_GLOBAL_ACCENT_COLOR_NAME = AccentColor;
				CODE_SIGN_ENTITLEMENTS = "uniffi-example/uniffi_example.entitlements";
				CODE_SIGN_STYLE = Automatic;
				CURRENT_PROJECT_VERSION = 1;
				DEVELOPMENT_ASSET_PATHS = "\"uniffi-example/Preview Content\"";
				DEVELOPMENT_TEAM = G7CXNQAM6X;
				ENABLE_HARDENED_RUNTIME = YES;
				ENABLE_PREVIEWS = YES;
				GENERATE_INFOPLIST_FILE = YES;
				HEADER_SEARCH_PATHS = "\"$(SRCROOT)/../../sharedlib/bindings\"";
				"INFOPLIST_KEY_UIApplicationSceneManifest_Generation[sdk=iphoneos*]" = YES;
				"INFOPLIST_KEY_UIApplicationSceneManifest_Generation[sdk=iphonesimulator*]" = YES;
				"INFOPLIST_KEY_UIApplicationSupportsIndirectInputEvents[sdk=iphoneos*]" = YES;
				"INFOPLIST_KEY_UIApplicationSupportsIndirectInputEvents[sdk=iphonesimulator*]" = YES;
				"INFOPLIST_KEY_UILaunchScreen_Generation[sdk=iphoneos*]" = YES;
				"INFOPLIST_KEY_UILaunchScreen_Generation[sdk=iphonesimulator*]" = YES;
				"INFOPLIST_KEY_UIStatusBarStyle[sdk=iphoneos*]" = UIStatusBarStyleDefault;
				"INFOPLIST_KEY_UIStatusBarStyle[sdk=iphonesimulator*]" = UIStatusBarStyleDefault;
				INFOPLIST_KEY_UISupportedInterfaceOrientations_iPad = "UIInterfaceOrientationPortrait UIInterfaceOrientationPortraitUpsideDown UIInterfaceOrientationLandscapeLeft UIInterfaceOrientationLandscapeRight";
				INFOPLIST_KEY_UISupportedInterfaceOrientations_iPhone = "UIInterfaceOrientationPortrait UIInterfaceOrientationLandscapeLeft UIInterfaceOrientationLandscapeRight";
				IPHONEOS_DEPLOYMENT_TARGET = 17.0;
				LD_RUNPATH_SEARCH_PATHS = "@executable_path/Frameworks";
				"LD_RUNPATH_SEARCH_PATHS[sdk=macosx*]" = "@executable_path/../Frameworks";
				MACOSX_DEPLOYMENT_TARGET = 14.0;
				MARKETING_VERSION = 1.0;
				PRODUCT_BUNDLE_IDENTIFIER = "ezirmusitua.uniffi-example";
				PRODUCT_NAME = "$(TARGET_NAME)";
				SDKROOT = auto;
				SUPPORTED_PLATFORMS = "iphoneos iphonesimulator macosx";
				SWIFT_EMIT_LOC_STRINGS = YES;
				SWIFT_OBJC_BRIDGING_HEADER = "";
				SWIFT_VERSION = 5.0;
				TARGETED_DEVICE_FAMILY = "1,2";
			};
			name = Release;
		};
/* End XCBuildConfiguration section */

/* Begin XCConfigurationList section */
		2A22723B2B39317700352E60 /* Build configuration list for PBXProject "uniffi-example" */ = {
			isa = XCConfigurationList;
			buildConfigurations = (
				2A22724D2B39317800352E60 /* Debug */,
				2A22724E2B39317800352E60 /* Release */,
			);
			defaultConfigurationIsVisible = 0;
			defaultConfigurationName = Release;
		};
		2A22724F2B39317800352E60 /* Build configuration list for PBXNativeTarget "uniffi-example" */ = {
			isa = XCConfigurationList;
			buildConfigurations = (
				2A2272502B39317800352E60 /* Debug */,
				2A2272512B39317800352E60 /* Release */,
			);
			defaultConfigurationIsVisible = 0;
			defaultConfigurationName = Release;
		};
/* End XCConfigurationList section */
	};
	rootObject = 2A2272382B39317700352E60 /* Project object */;
}
